
Microsoft Visual Studio Solution File, Format Version 12.00
# Visual Studio Version 17
VisualStudioVersion = 17.6.33723.286
MinimumVisualStudioVersion = 10.0.40219.1
Project("{FAE04EC0-301F-11D3-BF4B-00C04F79EFBC}") = "ConsoleArrays11aug2023", "SolutionCsharp11aug2023\ConsoleArrays11aug2023.csproj", "{02F71EB7-85FF-4C7A-B7AE-3F050E13614F}"
EndProject
Global
	GlobalSection(SolutionConfigurationPlatforms) = preSolution
		Debug|Any CPU = Debug|Any CPU
		Release|Any CPU = Release|Any CPU
	EndGlobalSection
	GlobalSection(ProjectConfigurationPlatforms) = postSolution
		{02F71EB7-85FF-4C7A-B7AE-3F050E13614F}.Debug|Any CPU.ActiveCfg = Debug|Any CPU
		{02F71EB7-85FF-4C7A-B7AE-3F050E13614F}.Debug|Any CPU.Build.0 = Debug|Any CPU
		{02F71EB7-85FF-4C7A-B7AE-3F050E13614F}.Release|Any CPU.ActiveCfg = Release|Any CPU
		{02F71EB7-85FF-4C7A-B7AE-3F050E13614F}.Release|Any CPU.Build.0 = Release|Any CPU
	EndGlobalSection
	GlobalSection(SolutionProperties) = preSolution
		HideSolutionNode = FALSE
	EndGlobalSection
	GlobalSection(ExtensibilityGlobals) = postSolution
		SolutionGuid = {6E35A98B-D109-4DFB-9CEB-E5B10C7FB03E}
	EndGlobalSection
EndGlobal
