
Microsoft Visual Studio Solution File, Format Version 12.00
# Visual Studio Version 17
VisualStudioVersion = 17.6.33723.286
MinimumVisualStudioVersion = 10.0.40219.1
Project("{9A19103F-16F7-4668-BE54-9A1E7A4F7556}") = "ConsoleArrays11aug2023", "SolutionCsharp11aug2023\ConsoleArrays11aug2023.csproj", "{02F71EB7-85FF-4C7A-B7AE-3F050E13614F}"
EndProject
Project("{9A19103F-16F7-4668-BE54-9A1E7A4F7556}") = "ConsoleEnumBMI11aug2023", "ConsoleEnumBMI11aug2023\ConsoleEnumBMI11aug2023.csproj", "{5C7BFA52-B351-4EB8-BCCD-3CC5F8FE217E}"
EndProject
Project("{9A19103F-16F7-4668-BE54-9A1E7A4F7556}") = "ConsoleTheMatrix17aug2023", "ConsoleTheMatrix17aug2023\ConsoleTheMatrix17aug2023.csproj", "{CF558FAE-3736-4A26-9A0B-AB584BFEA7DF}"
EndProject
Project("{9A19103F-16F7-4668-BE54-9A1E7A4F7556}") = "ConsoleNamed17aug2023", "ConsoleNamed17aug2023\ConsoleNamed17aug2023.csproj", "{17CE2475-0FB6-4D4D-8962-140D6B9F4826}"
EndProject
Project("{9A19103F-16F7-4668-BE54-9A1E7A4F7556}") = "ConsolePlaneet21aug2023", "ConsolePlaneet21aug2023\ConsolePlaneet21aug2023.csproj", "{7CFD6052-FC00-4949-80A6-B7F3BF60A12A}"
EndProject
Project("{FAE04EC0-301F-11D3-BF4B-00C04F79EFBC}") = "ConsoleSchoen25aug2023", "ConsoleSchoen25aug2023\ConsoleSchoen25aug2023.csproj", "{46E0A756-2ECD-464F-BC28-AF033731E9BF}"
EndProject
Project("{FAE04EC0-301F-11D3-BF4B-00C04F79EFBC}") = "ConsoleQuiz25aug2023", "ConsoleQuiz25aug2023\ConsoleQuiz25aug2023.csproj", "{2C20278E-1AB7-4F3A-998C-E4ED51ADF79F}"
EndProject
Global
	GlobalSection(SolutionConfigurationPlatforms) = preSolution
		Debug|Any CPU = Debug|Any CPU
		Release|Any CPU = Release|Any CPU
	EndGlobalSection
	GlobalSection(ProjectConfigurationPlatforms) = postSolution
		{02F71EB7-85FF-4C7A-B7AE-3F050E13614F}.Debug|Any CPU.ActiveCfg = Debug|Any CPU
		{02F71EB7-85FF-4C7A-B7AE-3F050E13614F}.Debug|Any CPU.Build.0 = Debug|Any CPU
		{02F71EB7-85FF-4C7A-B7AE-3F050E13614F}.Release|Any CPU.ActiveCfg = Release|Any CPU
		{02F71EB7-85FF-4C7A-B7AE-3F050E13614F}.Release|Any CPU.Build.0 = Release|Any CPU
		{5C7BFA52-B351-4EB8-BCCD-3CC5F8FE217E}.Debug|Any CPU.ActiveCfg = Debug|Any CPU
		{5C7BFA52-B351-4EB8-BCCD-3CC5F8FE217E}.Debug|Any CPU.Build.0 = Debug|Any CPU
		{5C7BFA52-B351-4EB8-BCCD-3CC5F8FE217E}.Release|Any CPU.ActiveCfg = Release|Any CPU
		{5C7BFA52-B351-4EB8-BCCD-3CC5F8FE217E}.Release|Any CPU.Build.0 = Release|Any CPU
		{CF558FAE-3736-4A26-9A0B-AB584BFEA7DF}.Debug|Any CPU.ActiveCfg = Debug|Any CPU
		{CF558FAE-3736-4A26-9A0B-AB584BFEA7DF}.Debug|Any CPU.Build.0 = Debug|Any CPU
		{CF558FAE-3736-4A26-9A0B-AB584BFEA7DF}.Release|Any CPU.ActiveCfg = Release|Any CPU
		{CF558FAE-3736-4A26-9A0B-AB584BFEA7DF}.Release|Any CPU.Build.0 = Release|Any CPU
		{17CE2475-0FB6-4D4D-8962-140D6B9F4826}.Debug|Any CPU.ActiveCfg = Debug|Any CPU
		{17CE2475-0FB6-4D4D-8962-140D6B9F4826}.Debug|Any CPU.Build.0 = Debug|Any CPU
		{17CE2475-0FB6-4D4D-8962-140D6B9F4826}.Release|Any CPU.ActiveCfg = Release|Any CPU
		{17CE2475-0FB6-4D4D-8962-140D6B9F4826}.Release|Any CPU.Build.0 = Release|Any CPU
		{7CFD6052-FC00-4949-80A6-B7F3BF60A12A}.Debug|Any CPU.ActiveCfg = Debug|Any CPU
		{7CFD6052-FC00-4949-80A6-B7F3BF60A12A}.Debug|Any CPU.Build.0 = Debug|Any CPU
		{7CFD6052-FC00-4949-80A6-B7F3BF60A12A}.Release|Any CPU.ActiveCfg = Release|Any CPU
		{7CFD6052-FC00-4949-80A6-B7F3BF60A12A}.Release|Any CPU.Build.0 = Release|Any CPU
		{46E0A756-2ECD-464F-BC28-AF033731E9BF}.Debug|Any CPU.ActiveCfg = Debug|Any CPU
		{46E0A756-2ECD-464F-BC28-AF033731E9BF}.Debug|Any CPU.Build.0 = Debug|Any CPU
		{46E0A756-2ECD-464F-BC28-AF033731E9BF}.Release|Any CPU.ActiveCfg = Release|Any CPU
		{46E0A756-2ECD-464F-BC28-AF033731E9BF}.Release|Any CPU.Build.0 = Release|Any CPU
		{2C20278E-1AB7-4F3A-998C-E4ED51ADF79F}.Debug|Any CPU.ActiveCfg = Debug|Any CPU
		{2C20278E-1AB7-4F3A-998C-E4ED51ADF79F}.Debug|Any CPU.Build.0 = Debug|Any CPU
		{2C20278E-1AB7-4F3A-998C-E4ED51ADF79F}.Release|Any CPU.ActiveCfg = Release|Any CPU
		{2C20278E-1AB7-4F3A-998C-E4ED51ADF79F}.Release|Any CPU.Build.0 = Release|Any CPU
	EndGlobalSection
	GlobalSection(SolutionProperties) = preSolution
		HideSolutionNode = FALSE
	EndGlobalSection
	GlobalSection(ExtensibilityGlobals) = postSolution
		SolutionGuid = {6E35A98B-D109-4DFB-9CEB-E5B10C7FB03E}
	EndGlobalSection
EndGlobal
