
Microsoft Visual Studio Solution File, Format Version 12.00
# Visual Studio Version 17
VisualStudioVersion = 17.6.33723.286
MinimumVisualStudioVersion = 10.0.40219.1
Project("{9A19103F-16F7-4668-BE54-9A1E7A4F7556}") = "ConsoleEnumBMI11aug2023", "ConsoleEnumBMI11aug2023\ConsoleEnumBMI11aug2023.csproj", "{5C7BFA52-B351-4EB8-BCCD-3CC5F8FE217E}"
EndProject
Project("{9A19103F-16F7-4668-BE54-9A1E7A4F7556}") = "ConsoleTheMatrix17aug2023", "ConsoleTheMatrix17aug2023\ConsoleTheMatrix17aug2023.csproj", "{CF558FAE-3736-4A26-9A0B-AB584BFEA7DF}"
EndProject
Project("{9A19103F-16F7-4668-BE54-9A1E7A4F7556}") = "ConsoleNamed17aug2023", "ConsoleNamed17aug2023\ConsoleNamed17aug2023.csproj", "{17CE2475-0FB6-4D4D-8962-140D6B9F4826}"
EndProject
Project("{9A19103F-16F7-4668-BE54-9A1E7A4F7556}") = "ConsolePlaneet21aug2023", "ConsolePlaneet21aug2023\ConsolePlaneet21aug2023.csproj", "{7CFD6052-FC00-4949-80A6-B7F3BF60A12A}"
EndProject
Project("{9A19103F-16F7-4668-BE54-9A1E7A4F7556}") = "ConsoleSchoen25aug2023", "ConsoleSchoen25aug2023\ConsoleSchoen25aug2023.csproj", "{46E0A756-2ECD-464F-BC28-AF033731E9BF}"
EndProject
Project("{9A19103F-16F7-4668-BE54-9A1E7A4F7556}") = "ConsoleQuiz25aug2023", "ConsoleQuiz25aug2023\ConsoleQuiz25aug2023.csproj", "{2C20278E-1AB7-4F3A-998C-E4ED51ADF79F}"
EndProject
Project("{9A19103F-16F7-4668-BE54-9A1E7A4F7556}") = "ConsoleNeo25aug2023", "ConsoleNeo25aug2023\ConsoleNeo25aug2023.csproj", "{68D2C3D1-B337-449C-9D61-548F78D25812}"
EndProject
Project("{9A19103F-16F7-4668-BE54-9A1E7A4F7556}") = "ConsoleNormaalVerdeling14sep2023", "ConsoleNormaalVerdeling14sep2023\ConsoleNormaalVerdeling14sep2023.csproj", "{A8650621-C6A6-477E-871D-4F3079879F5D}"
EndProject
Project("{FAE04EC0-301F-11D3-BF4B-00C04F79EFBC}") = "WindowsFormsFramework14sep2023", "WindowsFormsFramework14sep2023\WindowsFormsFramework14sep2023.csproj", "{09AB6370-36FF-4B3C-AB63-3D89C52B69CE}"
EndProject
Project("{9A19103F-16F7-4668-BE54-9A1E7A4F7556}") = "ConsoleArrays11aug2023", "ConsoleArrays11aug2023\ConsoleArrays11aug2023.csproj", "{C1A3AF20-0547-456C-ACB2-74861318E09B}"
EndProject
Project("{9A19103F-16F7-4668-BE54-9A1E7A4F7556}") = "ConsoleEqualsBook10nov2023", "ConsoleEqualsBook10nov2023\ConsoleEqualsBook10nov2023.csproj", "{67ACB557-22E4-43B1-94DA-CDAF8CB83206}"
EndProject
Project("{9A19103F-16F7-4668-BE54-9A1E7A4F7556}") = "WinFormsDrawing10jan2024", "WinFormsDrawing10jan2024\WinFormsDrawing10jan2024.csproj", "{9D761BED-90A5-4A93-B152-26F32000C0A3}"
EndProject
Project("{9A19103F-16F7-4668-BE54-9A1E7A4F7556}") = "ConsoleArrays7feb2024", "ConsoleArrays7feb2024\ConsoleArrays7feb2024.csproj", "{A66D8376-B316-4804-AF87-80DB259E9278}"
EndProject
Project("{9A19103F-16F7-4668-BE54-9A1E7A4F7556}") = "LibraryPhysicalUnits7feb2024", "LibraryPhysicalUnits7feb2024\LibraryPhysicalUnits7feb2024.csproj", "{17832B0E-7436-45EE-8108-8E98EC030267}"
EndProject
Project("{9A19103F-16F7-4668-BE54-9A1E7A4F7556}") = "LibraryPhysicalUnits7feb2024.Test", "LibraryPhysicalUnits7feb2024.Test\LibraryPhysicalUnits7feb2024.Test.csproj", "{B393279B-3124-4E17-9A0A-A1BC7B8ECC3F}"
EndProject
Project("{9A19103F-16F7-4668-BE54-9A1E7A4F7556}") = "ConsoleNamed8feb2024", "ConsoleNamed8feb2024\ConsoleNamed8feb2024.csproj", "{50AB34C0-5FBD-42F6-B194-B5C3C6925BCA}"
EndProject
Project("{9A19103F-16F7-4668-BE54-9A1E7A4F7556}") = "ConsoleTimeSpan8feb2024", "ConsoleTimeSpan8feb2024\ConsoleTimeSpan8feb2024.csproj", "{29D5D3FD-E864-474F-B5BC-65612ECF97E2}"
EndProject
Project("{9A19103F-16F7-4668-BE54-9A1E7A4F7556}") = "ConsolePlaneet8feb2024", "ConsolePlaneet8feb2024\ConsolePlaneet8feb2024.csproj", "{33D17CD7-2654-4D45-B925-8D3B84319608}"
EndProject
Project("{9A19103F-16F7-4668-BE54-9A1E7A4F7556}") = "ConsoleOperatorOverloading8feb2024", "ConsoleOperatorOverloading8feb2024\ConsoleOperatorOverloading8feb2024.csproj", "{BF73103E-76A3-4FF8-A9C0-770BB0F2324C}"
EndProject
Project("{9A19103F-16F7-4668-BE54-9A1E7A4F7556}") = "ConsolePlaneet9feb2024", "ConsolePlaneet9feb2024\ConsolePlaneet9feb2024.csproj", "{E4EE20E8-7456-468D-9DAC-5FC746CFA7F8}"
EndProject
Project("{9A19103F-16F7-4668-BE54-9A1E7A4F7556}") = "ConsolePlanet9feb2024", "ConsolePlanet9feb2024\ConsolePlanet9feb2024.csproj", "{FCF4F5A0-BCF0-4A57-BABD-F64EFC62532A}"
EndProject
Project("{FAE04EC0-301F-11D3-BF4B-00C04F79EFBC}") = "ConsoleNamed9feb2024", "ConsoleNamed9feb2024\ConsoleNamed9feb2024.csproj", "{3F19F749-1E21-4121-8EEA-DDB09FE17059}"
EndProject
Global
	GlobalSection(SolutionConfigurationPlatforms) = preSolution
		Debug|Any CPU = Debug|Any CPU
		Release|Any CPU = Release|Any CPU
	EndGlobalSection
	GlobalSection(ProjectConfigurationPlatforms) = postSolution
		{5C7BFA52-B351-4EB8-BCCD-3CC5F8FE217E}.Debug|Any CPU.ActiveCfg = Debug|Any CPU
		{5C7BFA52-B351-4EB8-BCCD-3CC5F8FE217E}.Debug|Any CPU.Build.0 = Debug|Any CPU
		{5C7BFA52-B351-4EB8-BCCD-3CC5F8FE217E}.Release|Any CPU.ActiveCfg = Release|Any CPU
		{5C7BFA52-B351-4EB8-BCCD-3CC5F8FE217E}.Release|Any CPU.Build.0 = Release|Any CPU
		{CF558FAE-3736-4A26-9A0B-AB584BFEA7DF}.Debug|Any CPU.ActiveCfg = Debug|Any CPU
		{CF558FAE-3736-4A26-9A0B-AB584BFEA7DF}.Debug|Any CPU.Build.0 = Debug|Any CPU
		{CF558FAE-3736-4A26-9A0B-AB584BFEA7DF}.Release|Any CPU.ActiveCfg = Release|Any CPU
		{CF558FAE-3736-4A26-9A0B-AB584BFEA7DF}.Release|Any CPU.Build.0 = Release|Any CPU
		{17CE2475-0FB6-4D4D-8962-140D6B9F4826}.Debug|Any CPU.ActiveCfg = Debug|Any CPU
		{17CE2475-0FB6-4D4D-8962-140D6B9F4826}.Debug|Any CPU.Build.0 = Debug|Any CPU
		{17CE2475-0FB6-4D4D-8962-140D6B9F4826}.Release|Any CPU.ActiveCfg = Release|Any CPU
		{17CE2475-0FB6-4D4D-8962-140D6B9F4826}.Release|Any CPU.Build.0 = Release|Any CPU
		{7CFD6052-FC00-4949-80A6-B7F3BF60A12A}.Debug|Any CPU.ActiveCfg = Debug|Any CPU
		{7CFD6052-FC00-4949-80A6-B7F3BF60A12A}.Debug|Any CPU.Build.0 = Debug|Any CPU
		{7CFD6052-FC00-4949-80A6-B7F3BF60A12A}.Release|Any CPU.ActiveCfg = Release|Any CPU
		{7CFD6052-FC00-4949-80A6-B7F3BF60A12A}.Release|Any CPU.Build.0 = Release|Any CPU
		{46E0A756-2ECD-464F-BC28-AF033731E9BF}.Debug|Any CPU.ActiveCfg = Debug|Any CPU
		{46E0A756-2ECD-464F-BC28-AF033731E9BF}.Debug|Any CPU.Build.0 = Debug|Any CPU
		{46E0A756-2ECD-464F-BC28-AF033731E9BF}.Release|Any CPU.ActiveCfg = Release|Any CPU
		{46E0A756-2ECD-464F-BC28-AF033731E9BF}.Release|Any CPU.Build.0 = Release|Any CPU
		{2C20278E-1AB7-4F3A-998C-E4ED51ADF79F}.Debug|Any CPU.ActiveCfg = Debug|Any CPU
		{2C20278E-1AB7-4F3A-998C-E4ED51ADF79F}.Debug|Any CPU.Build.0 = Debug|Any CPU
		{2C20278E-1AB7-4F3A-998C-E4ED51ADF79F}.Release|Any CPU.ActiveCfg = Release|Any CPU
		{2C20278E-1AB7-4F3A-998C-E4ED51ADF79F}.Release|Any CPU.Build.0 = Release|Any CPU
		{68D2C3D1-B337-449C-9D61-548F78D25812}.Debug|Any CPU.ActiveCfg = Debug|Any CPU
		{68D2C3D1-B337-449C-9D61-548F78D25812}.Debug|Any CPU.Build.0 = Debug|Any CPU
		{68D2C3D1-B337-449C-9D61-548F78D25812}.Release|Any CPU.ActiveCfg = Release|Any CPU
		{68D2C3D1-B337-449C-9D61-548F78D25812}.Release|Any CPU.Build.0 = Release|Any CPU
		{A8650621-C6A6-477E-871D-4F3079879F5D}.Debug|Any CPU.ActiveCfg = Debug|Any CPU
		{A8650621-C6A6-477E-871D-4F3079879F5D}.Debug|Any CPU.Build.0 = Debug|Any CPU
		{A8650621-C6A6-477E-871D-4F3079879F5D}.Release|Any CPU.ActiveCfg = Release|Any CPU
		{A8650621-C6A6-477E-871D-4F3079879F5D}.Release|Any CPU.Build.0 = Release|Any CPU
		{09AB6370-36FF-4B3C-AB63-3D89C52B69CE}.Debug|Any CPU.ActiveCfg = Debug|Any CPU
		{09AB6370-36FF-4B3C-AB63-3D89C52B69CE}.Debug|Any CPU.Build.0 = Debug|Any CPU
		{09AB6370-36FF-4B3C-AB63-3D89C52B69CE}.Release|Any CPU.ActiveCfg = Release|Any CPU
		{09AB6370-36FF-4B3C-AB63-3D89C52B69CE}.Release|Any CPU.Build.0 = Release|Any CPU
		{C1A3AF20-0547-456C-ACB2-74861318E09B}.Debug|Any CPU.ActiveCfg = Debug|Any CPU
		{C1A3AF20-0547-456C-ACB2-74861318E09B}.Debug|Any CPU.Build.0 = Debug|Any CPU
		{C1A3AF20-0547-456C-ACB2-74861318E09B}.Release|Any CPU.ActiveCfg = Release|Any CPU
		{C1A3AF20-0547-456C-ACB2-74861318E09B}.Release|Any CPU.Build.0 = Release|Any CPU
		{67ACB557-22E4-43B1-94DA-CDAF8CB83206}.Debug|Any CPU.ActiveCfg = Debug|Any CPU
		{67ACB557-22E4-43B1-94DA-CDAF8CB83206}.Debug|Any CPU.Build.0 = Debug|Any CPU
		{67ACB557-22E4-43B1-94DA-CDAF8CB83206}.Release|Any CPU.ActiveCfg = Release|Any CPU
		{67ACB557-22E4-43B1-94DA-CDAF8CB83206}.Release|Any CPU.Build.0 = Release|Any CPU
		{9D761BED-90A5-4A93-B152-26F32000C0A3}.Debug|Any CPU.ActiveCfg = Debug|Any CPU
		{9D761BED-90A5-4A93-B152-26F32000C0A3}.Debug|Any CPU.Build.0 = Debug|Any CPU
		{9D761BED-90A5-4A93-B152-26F32000C0A3}.Release|Any CPU.ActiveCfg = Release|Any CPU
		{9D761BED-90A5-4A93-B152-26F32000C0A3}.Release|Any CPU.Build.0 = Release|Any CPU
		{A66D8376-B316-4804-AF87-80DB259E9278}.Debug|Any CPU.ActiveCfg = Debug|Any CPU
		{A66D8376-B316-4804-AF87-80DB259E9278}.Debug|Any CPU.Build.0 = Debug|Any CPU
		{A66D8376-B316-4804-AF87-80DB259E9278}.Release|Any CPU.ActiveCfg = Release|Any CPU
		{A66D8376-B316-4804-AF87-80DB259E9278}.Release|Any CPU.Build.0 = Release|Any CPU
		{17832B0E-7436-45EE-8108-8E98EC030267}.Debug|Any CPU.ActiveCfg = Debug|Any CPU
		{17832B0E-7436-45EE-8108-8E98EC030267}.Debug|Any CPU.Build.0 = Debug|Any CPU
		{17832B0E-7436-45EE-8108-8E98EC030267}.Release|Any CPU.ActiveCfg = Release|Any CPU
		{17832B0E-7436-45EE-8108-8E98EC030267}.Release|Any CPU.Build.0 = Release|Any CPU
		{B393279B-3124-4E17-9A0A-A1BC7B8ECC3F}.Debug|Any CPU.ActiveCfg = Debug|Any CPU
		{B393279B-3124-4E17-9A0A-A1BC7B8ECC3F}.Debug|Any CPU.Build.0 = Debug|Any CPU
		{B393279B-3124-4E17-9A0A-A1BC7B8ECC3F}.Release|Any CPU.ActiveCfg = Release|Any CPU
		{B393279B-3124-4E17-9A0A-A1BC7B8ECC3F}.Release|Any CPU.Build.0 = Release|Any CPU
		{50AB34C0-5FBD-42F6-B194-B5C3C6925BCA}.Debug|Any CPU.ActiveCfg = Debug|Any CPU
		{50AB34C0-5FBD-42F6-B194-B5C3C6925BCA}.Debug|Any CPU.Build.0 = Debug|Any CPU
		{50AB34C0-5FBD-42F6-B194-B5C3C6925BCA}.Release|Any CPU.ActiveCfg = Release|Any CPU
		{50AB34C0-5FBD-42F6-B194-B5C3C6925BCA}.Release|Any CPU.Build.0 = Release|Any CPU
		{29D5D3FD-E864-474F-B5BC-65612ECF97E2}.Debug|Any CPU.ActiveCfg = Debug|Any CPU
		{29D5D3FD-E864-474F-B5BC-65612ECF97E2}.Debug|Any CPU.Build.0 = Debug|Any CPU
		{29D5D3FD-E864-474F-B5BC-65612ECF97E2}.Release|Any CPU.ActiveCfg = Release|Any CPU
		{29D5D3FD-E864-474F-B5BC-65612ECF97E2}.Release|Any CPU.Build.0 = Release|Any CPU
		{33D17CD7-2654-4D45-B925-8D3B84319608}.Debug|Any CPU.ActiveCfg = Debug|Any CPU
		{33D17CD7-2654-4D45-B925-8D3B84319608}.Debug|Any CPU.Build.0 = Debug|Any CPU
		{33D17CD7-2654-4D45-B925-8D3B84319608}.Release|Any CPU.ActiveCfg = Release|Any CPU
		{33D17CD7-2654-4D45-B925-8D3B84319608}.Release|Any CPU.Build.0 = Release|Any CPU
		{BF73103E-76A3-4FF8-A9C0-770BB0F2324C}.Debug|Any CPU.ActiveCfg = Debug|Any CPU
		{BF73103E-76A3-4FF8-A9C0-770BB0F2324C}.Debug|Any CPU.Build.0 = Debug|Any CPU
		{BF73103E-76A3-4FF8-A9C0-770BB0F2324C}.Release|Any CPU.ActiveCfg = Release|Any CPU
		{BF73103E-76A3-4FF8-A9C0-770BB0F2324C}.Release|Any CPU.Build.0 = Release|Any CPU
		{E4EE20E8-7456-468D-9DAC-5FC746CFA7F8}.Debug|Any CPU.ActiveCfg = Debug|Any CPU
		{E4EE20E8-7456-468D-9DAC-5FC746CFA7F8}.Debug|Any CPU.Build.0 = Debug|Any CPU
		{E4EE20E8-7456-468D-9DAC-5FC746CFA7F8}.Release|Any CPU.ActiveCfg = Release|Any CPU
		{E4EE20E8-7456-468D-9DAC-5FC746CFA7F8}.Release|Any CPU.Build.0 = Release|Any CPU
		{FCF4F5A0-BCF0-4A57-BABD-F64EFC62532A}.Debug|Any CPU.ActiveCfg = Debug|Any CPU
		{FCF4F5A0-BCF0-4A57-BABD-F64EFC62532A}.Debug|Any CPU.Build.0 = Debug|Any CPU
		{FCF4F5A0-BCF0-4A57-BABD-F64EFC62532A}.Release|Any CPU.ActiveCfg = Release|Any CPU
		{FCF4F5A0-BCF0-4A57-BABD-F64EFC62532A}.Release|Any CPU.Build.0 = Release|Any CPU
		{3F19F749-1E21-4121-8EEA-DDB09FE17059}.Debug|Any CPU.ActiveCfg = Debug|Any CPU
		{3F19F749-1E21-4121-8EEA-DDB09FE17059}.Debug|Any CPU.Build.0 = Debug|Any CPU
		{3F19F749-1E21-4121-8EEA-DDB09FE17059}.Release|Any CPU.ActiveCfg = Release|Any CPU
		{3F19F749-1E21-4121-8EEA-DDB09FE17059}.Release|Any CPU.Build.0 = Release|Any CPU
	EndGlobalSection
	GlobalSection(SolutionProperties) = preSolution
		HideSolutionNode = FALSE
	EndGlobalSection
	GlobalSection(ExtensibilityGlobals) = postSolution
		SolutionGuid = {6E35A98B-D109-4DFB-9CEB-E5B10C7FB03E}
	EndGlobalSection
EndGlobal
